
Microsoft Visual Studio Solution File, Format Version 12.00
# Visual Studio 15
VisualStudioVersion = 15.0.27428.2037
MinimumVisualStudioVersion = 10.0.40219.1
Project("{FAE04EC0-301F-11D3-BF4B-00C04F79EFBC}") = "LabNumber22.5", "LabNumber22.5\LabNumber22.5.csproj", "{2C46B8CB-59FF-4F3C-A382-2D1F3EC03430}"
EndProject
Global
	GlobalSection(SolutionConfigurationPlatforms) = preSolution
		Debug|Any CPU = Debug|Any CPU
		Release|Any CPU = Release|Any CPU
	EndGlobalSection
	GlobalSection(ProjectConfigurationPlatforms) = postSolution
		{2C46B8CB-59FF-4F3C-A382-2D1F3EC03430}.Debug|Any CPU.ActiveCfg = Debug|Any CPU
		{2C46B8CB-59FF-4F3C-A382-2D1F3EC03430}.Debug|Any CPU.Build.0 = Debug|Any CPU
		{2C46B8CB-59FF-4F3C-A382-2D1F3EC03430}.Release|Any CPU.ActiveCfg = Release|Any CPU
		{2C46B8CB-59FF-4F3C-A382-2D1F3EC03430}.Release|Any CPU.Build.0 = Release|Any CPU
	EndGlobalSection
	GlobalSection(SolutionProperties) = preSolution
		HideSolutionNode = FALSE
	EndGlobalSection
	GlobalSection(ExtensibilityGlobals) = postSolution
		SolutionGuid = {6B65A8D0-2CC8-4936-8B1C-3BDCBA3C1462}
	EndGlobalSection
EndGlobal
